// !$*UTF8*$!
{
	archiveVersion = 1;
	classes = {
	};
	objectVersion = 77;
	objects = {

/* Begin PBXBuildFile section */
		1C2A60F82C9D7E7C009F0B00 /* FiscalSerializationLib_v2.framework in Frameworks */ = {isa = PBXBuildFile; fileRef = 1C2A60ED2C9D7E7C009F0B00 /* FiscalSerializationLib_v2.framework */; };
		1C65CE7A2CD74DE70034AF6C /* Package.swift in Sources */ = {isa = PBXBuildFile; fileRef = 1C65CE792CD74DDB0034AF6C /* Package.swift */; };
		1CD4262C2C9D9D09001DEEEA /* SwiftProtobuf in Frameworks */ = {isa = PBXBuildFile; productRef = 1CD4262B2C9D9D09001DEEEA /* SwiftProtobuf */; };
/* End PBXBuildFile section */

/* Begin PBXContainerItemProxy section */
		1C2A60F92C9D7E7C009F0B00 /* PBXContainerItemProxy */ = {
			isa = PBXContainerItemProxy;
			containerPortal = 1C2A60E42C9D7E7C009F0B00 /* Project object */;
			proxyType = 1;
			remoteGlobalIDString = 1C2A60EC2C9D7E7C009F0B00;
			remoteInfo = FiscalSerializationLib_v2;
		};
/* End PBXContainerItemProxy section */

/* Begin PBXFileReference section */
		1C2A60ED2C9D7E7C009F0B00 /* FiscalSerializationLib_v2.framework */ = {isa = PBXFileReference; explicitFileType = wrapper.framework; includeInIndex = 0; path = FiscalSerializationLib_v2.framework; sourceTree = BUILT_PRODUCTS_DIR; };
		1C2A60F72C9D7E7C009F0B00 /* FiscalSerializationLib_v2Tests.xctest */ = {isa = PBXFileReference; explicitFileType = wrapper.cfbundle; includeInIndex = 0; path = FiscalSerializationLib_v2Tests.xctest; sourceTree = BUILT_PRODUCTS_DIR; };
		1C65CE792CD74DDB0034AF6C /* Package.swift */ = {isa = PBXFileReference; lastKnownFileType = sourcecode.swift; path = Package.swift; sourceTree = "<group>"; };
/* End PBXFileReference section */

/* Begin PBXFileSystemSynchronizedBuildFileExceptionSet section */
		1C2A60FF2C9D7E7C009F0B00 /* Exceptions for "FiscalSerializationLib_v2" folder in "FiscalSerializationLib_v2" target */ = {
			isa = PBXFileSystemSynchronizedBuildFileExceptionSet;
			publicHeaders = (
				FiscalSerializationLib_v2.h,
			);
			target = 1C2A60EC2C9D7E7C009F0B00 /* FiscalSerializationLib_v2 */;
		};
/* End PBXFileSystemSynchronizedBuildFileExceptionSet section */

/* Begin PBXFileSystemSynchronizedRootGroup section */
		1C2A60EF2C9D7E7C009F0B00 /* FiscalSerializationLib_v2 */ = {
			isa = PBXFileSystemSynchronizedRootGroup;
			exceptions = (
				1C2A60FF2C9D7E7C009F0B00 /* Exceptions for "FiscalSerializationLib_v2" folder in "FiscalSerializationLib_v2" target */,
			);
			path = FiscalSerializationLib_v2;
			sourceTree = "<group>";
		};
		1C2A60FB2C9D7E7C009F0B00 /* FiscalSerializationLib_v2Tests */ = {
			isa = PBXFileSystemSynchronizedRootGroup;
			path = FiscalSerializationLib_v2Tests;
			sourceTree = "<group>";
		};
/* End PBXFileSystemSynchronizedRootGroup section */

/* Begin PBXFrameworksBuildPhase section */
		1C2A60EA2C9D7E7C009F0B00 /* Frameworks */ = {
			isa = PBXFrameworksBuildPhase;
			buildActionMask = 2147483647;
			files = (
				1CD4262C2C9D9D09001DEEEA /* SwiftProtobuf in Frameworks */,
			);
			runOnlyForDeploymentPostprocessing = 0;
		};
		1C2A60F42C9D7E7C009F0B00 /* Frameworks */ = {
			isa = PBXFrameworksBuildPhase;
			buildActionMask = 2147483647;
			files = (
				1C2A60F82C9D7E7C009F0B00 /* FiscalSerializationLib_v2.framework in Frameworks */,
			);
			runOnlyForDeploymentPostprocessing = 0;
		};
/* End PBXFrameworksBuildPhase section */

/* Begin PBXGroup section */
		1C2A60E32C9D7E7C009F0B00 = {
			isa = PBXGroup;
			children = (
				1C65CE792CD74DDB0034AF6C /* Package.swift */,
				1C2A60EF2C9D7E7C009F0B00 /* FiscalSerializationLib_v2 */,
				1C2A60FB2C9D7E7C009F0B00 /* FiscalSerializationLib_v2Tests */,
				1C2A60EE2C9D7E7C009F0B00 /* Products */,
			);
			sourceTree = "<group>";
		};
		1C2A60EE2C9D7E7C009F0B00 /* Products */ = {
			isa = PBXGroup;
			children = (
				1C2A60ED2C9D7E7C009F0B00 /* FiscalSerializationLib_v2.framework */,
				1C2A60F72C9D7E7C009F0B00 /* FiscalSerializationLib_v2Tests.xctest */,
			);
			name = Products;
			sourceTree = "<group>";
		};
/* End PBXGroup section */

/* Begin PBXHeadersBuildPhase section */
		1C2A60E82C9D7E7C009F0B00 /* Headers */ = {
			isa = PBXHeadersBuildPhase;
			buildActionMask = 2147483647;
			files = (
			);
			runOnlyForDeploymentPostprocessing = 0;
		};
/* End PBXHeadersBuildPhase section */

/* Begin PBXNativeTarget section */
		1C2A60EC2C9D7E7C009F0B00 /* FiscalSerializationLib_v2 */ = {
			isa = PBXNativeTarget;
			buildConfigurationList = 1C2A61002C9D7E7C009F0B00 /* Build configuration list for PBXNativeTarget "FiscalSerializationLib_v2" */;
			buildPhases = (
				1C2A60E82C9D7E7C009F0B00 /* Headers */,
				1C2A60E92C9D7E7C009F0B00 /* Sources */,
				1C2A60EA2C9D7E7C009F0B00 /* Frameworks */,
				1C2A60EB2C9D7E7C009F0B00 /* Resources */,
			);
			buildRules = (
			);
			dependencies = (
			);
			fileSystemSynchronizedGroups = (
				1C2A60EF2C9D7E7C009F0B00 /* FiscalSerializationLib_v2 */,
			);
			name = FiscalSerializationLib_v2;
			packageProductDependencies = (
				1CD4262B2C9D9D09001DEEEA /* SwiftProtobuf */,
			);
			productName = FiscalSerializationLib_v2;
			productReference = 1C2A60ED2C9D7E7C009F0B00 /* FiscalSerializationLib_v2.framework */;
			productType = "com.apple.product-type.framework";
		};
		1C2A60F62C9D7E7C009F0B00 /* FiscalSerializationLib_v2Tests */ = {
			isa = PBXNativeTarget;
			buildConfigurationList = 1C2A61052C9D7E7C009F0B00 /* Build configuration list for PBXNativeTarget "FiscalSerializationLib_v2Tests" */;
			buildPhases = (
				1C2A60F32C9D7E7C009F0B00 /* Sources */,
				1C2A60F42C9D7E7C009F0B00 /* Frameworks */,
				1C2A60F52C9D7E7C009F0B00 /* Resources */,
			);
			buildRules = (
			);
			dependencies = (
				1C2A60FA2C9D7E7C009F0B00 /* PBXTargetDependency */,
			);
			fileSystemSynchronizedGroups = (
				1C2A60FB2C9D7E7C009F0B00 /* FiscalSerializationLib_v2Tests */,
			);
			name = FiscalSerializationLib_v2Tests;
			packageProductDependencies = (
			);
			productName = FiscalSerializationLib_v2Tests;
			productReference = 1C2A60F72C9D7E7C009F0B00 /* FiscalSerializationLib_v2Tests.xctest */;
			productType = "com.apple.product-type.bundle.unit-test";
		};
/* End PBXNativeTarget section */

/* Begin PBXProject section */
		1C2A60E42C9D7E7C009F0B00 /* Project object */ = {
			isa = PBXProject;
			attributes = {
				BuildIndependentTargetsInParallel = 1;
				LastSwiftUpdateCheck = 1600;
				LastUpgradeCheck = 1600;
				TargetAttributes = {
					1C2A60EC2C9D7E7C009F0B00 = {
						CreatedOnToolsVersion = 16.0;
					};
					1C2A60F62C9D7E7C009F0B00 = {
						CreatedOnToolsVersion = 16.0;
					};
				};
			};
			buildConfigurationList = 1C2A60E72C9D7E7C009F0B00 /* Build configuration list for PBXProject "FiscalSerializationLib_v2" */;
			developmentRegion = en;
			hasScannedForEncodings = 0;
			knownRegions = (
				en,
				Base,
			);
			mainGroup = 1C2A60E32C9D7E7C009F0B00;
			minimizedProjectReferenceProxies = 1;
			packageReferences = (
				1CD4262A2C9D9D09001DEEEA /* XCRemoteSwiftPackageReference "swift-protobuf" */,
			);
			preferredProjectObjectVersion = 77;
			productRefGroup = 1C2A60EE2C9D7E7C009F0B00 /* Products */;
			projectDirPath = "";
			projectRoot = "";
			targets = (
				1C2A60EC2C9D7E7C009F0B00 /* FiscalSerializationLib_v2 */,
				1C2A60F62C9D7E7C009F0B00 /* FiscalSerializationLib_v2Tests */,
			);
		};
/* End PBXProject section */

/* Begin PBXResourcesBuildPhase section */
		1C2A60EB2C9D7E7C009F0B00 /* Resources */ = {
			isa = PBXResourcesBuildPhase;
			buildActionMask = 2147483647;
			files = (
			);
			runOnlyForDeploymentPostprocessing = 0;
		};
		1C2A60F52C9D7E7C009F0B00 /* Resources */ = {
			isa = PBXResourcesBuildPhase;
			buildActionMask = 2147483647;
			files = (
			);
			runOnlyForDeploymentPostprocessing = 0;
		};
/* End PBXResourcesBuildPhase section */

/* Begin PBXSourcesBuildPhase section */
		1C2A60E92C9D7E7C009F0B00 /* Sources */ = {
			isa = PBXSourcesBuildPhase;
			buildActionMask = 2147483647;
			files = (
				1C65CE7A2CD74DE70034AF6C /* Package.swift in Sources */,
			);
			runOnlyForDeploymentPostprocessing = 0;
		};
		1C2A60F32C9D7E7C009F0B00 /* Sources */ = {
			isa = PBXSourcesBuildPhase;
			buildActionMask = 2147483647;
			files = (
			);
			runOnlyForDeploymentPostprocessing = 0;
		};
/* End PBXSourcesBuildPhase section */

/* Begin PBXTargetDependency section */
		1C2A60FA2C9D7E7C009F0B00 /* PBXTargetDependency */ = {
			isa = PBXTargetDependency;
			target = 1C2A60EC2C9D7E7C009F0B00 /* FiscalSerializationLib_v2 */;
			targetProxy = 1C2A60F92C9D7E7C009F0B00 /* PBXContainerItemProxy */;
		};
/* End PBXTargetDependency section */

/* Begin XCBuildConfiguration section */
		1C2A61012C9D7E7C009F0B00 /* Debug */ = {
			isa = XCBuildConfiguration;
			buildSettings = {
				ALLOW_TARGET_PLATFORM_SPECIALIZATION = YES;
				BUILD_LIBRARY_FOR_DISTRIBUTION = YES;
				CODE_SIGN_STYLE = Automatic;
				CURRENT_PROJECT_VERSION = 1;
				DEFINES_MODULE = YES;
				DEVELOPMENT_TEAM = 6NYBPW9GN5;
				DYLIB_COMPATIBILITY_VERSION = 1;
				DYLIB_CURRENT_VERSION = 1;
				DYLIB_INSTALL_NAME_BASE = "@rpath";
				ENABLE_MODULE_VERIFIER = YES;
				GENERATE_INFOPLIST_FILE = YES;
				INFOPLIST_KEY_NSHumanReadableCopyright = "";
				INSTALL_PATH = "$(LOCAL_LIBRARY_DIR)/Frameworks";
				IPHONEOS_DEPLOYMENT_TARGET = 18.0;
				LD_RUNPATH_SEARCH_PATHS = (
					"@executable_path/Frameworks",
					"@loader_path/Frameworks",
				);
				"LD_RUNPATH_SEARCH_PATHS[sdk=macosx*]" = (
					"@executable_path/../Frameworks",
					"@loader_path/Frameworks",
				);
				MACOSX_DEPLOYMENT_TARGET = 15.0;
				MARKETING_VERSION = 1.0;
				MODULE_VERIFIER_SUPPORTED_LANGUAGES = "objective-c objective-c++";
				MODULE_VERIFIER_SUPPORTED_LANGUAGE_STANDARDS = "gnu17 gnu++20";
				PRODUCT_BUNDLE_IDENTIFIER = "com.korobka.FiscalSerializationLib-v2";
				PRODUCT_NAME = "$(TARGET_NAME:c99extidentifier)";
				SDKROOT = auto;
				SKIP_INSTALL = YES;
				SUPPORTED_PLATFORMS = "iphoneos iphonesimulator macosx xros xrsimulator";
				SWIFT_EMIT_LOC_STRINGS = YES;
				SWIFT_INSTALL_OBJC_HEADER = NO;
				SWIFT_VERSION = 5.0;
				TARGETED_DEVICE_FAMILY = "1,2,7";
				XROS_DEPLOYMENT_TARGET = 2.0;
			};
			name = Debug;
		};
		1C2A61022C9D7E7C009F0B00 /* Release */ = {
			isa = XCBuildConfiguration;
			buildSettings = {
				ALLOW_TARGET_PLATFORM_SPECIALIZATION = YES;
				BUILD_LIBRARY_FOR_DISTRIBUTION = YES;
				CODE_SIGN_STYLE = Automatic;
				CURRENT_PROJECT_VERSION = 1;
				DEFINES_MODULE = YES;
				DEVELOPMENT_TEAM = 6NYBPW9GN5;
				DYLIB_COMPATIBILITY_VERSION = 1;
				DYLIB_CURRENT_VERSION = 1;
				DYLIB_INSTALL_NAME_BASE = "@rpath";
				ENABLE_MODULE_VERIFIER = YES;
				GENERATE_INFOPLIST_FILE = YES;
				INFOPLIST_KEY_NSHumanReadableCopyright = "";
				INSTALL_PATH = "$(LOCAL_LIBRARY_DIR)/Frameworks";
				IPHONEOS_DEPLOYMENT_TARGET = 18.0;
				LD_RUNPATH_SEARCH_PATHS = (
					"@executable_path/Frameworks",
					"@loader_path/Frameworks",
				);
				"LD_RUNPATH_SEARCH_PATHS[sdk=macosx*]" = (
					"@executable_path/../Frameworks",
					"@loader_path/Frameworks",
				);
				MACOSX_DEPLOYMENT_TARGET = 15.0;
				MARKETING_VERSION = 1.0;
				MODULE_VERIFIER_SUPPORTED_LANGUAGES = "objective-c objective-c++";
				MODULE_VERIFIER_SUPPORTED_LANGUAGE_STANDARDS = "gnu17 gnu++20";
				PRODUCT_BUNDLE_IDENTIFIER = "com.korobka.FiscalSerializationLib-v2";
				PRODUCT_NAME = "$(TARGET_NAME:c99extidentifier)";
				SDKROOT = auto;
				SKIP_INSTALL = YES;
				SUPPORTED_PLATFORMS = "iphoneos iphonesimulator macosx xros xrsimulator";
				SWIFT_EMIT_LOC_STRINGS = YES;
				SWIFT_INSTALL_OBJC_HEADER = NO;
				SWIFT_VERSION = 5.0;
				TARGETED_DEVICE_FAMILY = "1,2,7";
				XROS_DEPLOYMENT_TARGET = 2.0;
			};
			name = Release;
		};
		1C2A61032C9D7E7C009F0B00 /* Debug */ = {
			isa = XCBuildConfiguration;
			buildSettings = {
				ALWAYS_SEARCH_USER_PATHS = NO;
				ASSETCATALOG_COMPILER_GENERATE_SWIFT_ASSET_SYMBOL_EXTENSIONS = YES;
				CLANG_ANALYZER_NONNULL = YES;
				CLANG_ANALYZER_NUMBER_OBJECT_CONVERSION = YES_AGGRESSIVE;
				CLANG_CXX_LANGUAGE_STANDARD = "gnu++20";
				CLANG_ENABLE_MODULES = YES;
				CLANG_ENABLE_OBJC_ARC = YES;
				CLANG_ENABLE_OBJC_WEAK = YES;
				CLANG_WARN_BLOCK_CAPTURE_AUTORELEASING = YES;
				CLANG_WARN_BOOL_CONVERSION = YES;
				CLANG_WARN_COMMA = YES;
				CLANG_WARN_CONSTANT_CONVERSION = YES;
				CLANG_WARN_DEPRECATED_OBJC_IMPLEMENTATIONS = YES;
				CLANG_WARN_DIRECT_OBJC_ISA_USAGE = YES_ERROR;
				CLANG_WARN_DOCUMENTATION_COMMENTS = YES;
				CLANG_WARN_EMPTY_BODY = YES;
				CLANG_WARN_ENUM_CONVERSION = YES;
				CLANG_WARN_INFINITE_RECURSION = YES;
				CLANG_WARN_INT_CONVERSION = YES;
				CLANG_WARN_NON_LITERAL_NULL_CONVERSION = YES;
				CLANG_WARN_OBJC_IMPLICIT_RETAIN_SELF = YES;
				CLANG_WARN_OBJC_LITERAL_CONVERSION = YES;
				CLANG_WARN_OBJC_ROOT_CLASS = YES_ERROR;
				CLANG_WARN_QUOTED_INCLUDE_IN_FRAMEWORK_HEADER = YES;
				CLANG_WARN_RANGE_LOOP_ANALYSIS = YES;
				CLANG_WARN_STRICT_PROTOTYPES = YES;
				CLANG_WARN_SUSPICIOUS_MOVE = YES;
				CLANG_WARN_UNGUARDED_AVAILABILITY = YES_AGGRESSIVE;
				CLANG_WARN_UNREACHABLE_CODE = YES;
				CLANG_WARN__DUPLICATE_METHOD_MATCH = YES;
				COPY_PHASE_STRIP = NO;
				CURRENT_PROJECT_VERSION = 1;
				DEBUG_INFORMATION_FORMAT = dwarf;
				ENABLE_STRICT_OBJC_MSGSEND = YES;
				ENABLE_TESTABILITY = YES;
				ENABLE_USER_SCRIPT_SANDBOXING = YES;
				GCC_C_LANGUAGE_STANDARD = gnu17;
				GCC_DYNAMIC_NO_PIC = NO;
				GCC_NO_COMMON_BLOCKS = YES;
				GCC_OPTIMIZATION_LEVEL = 0;
				GCC_PREPROCESSOR_DEFINITIONS = (
					"DEBUG=1",
					"$(inherited)",
				);
				GCC_WARN_64_TO_32_BIT_CONVERSION = YES;
				GCC_WARN_ABOUT_RETURN_TYPE = YES_ERROR;
				GCC_WARN_UNDECLARED_SELECTOR = YES;
				GCC_WARN_UNINITIALIZED_AUTOS = YES_AGGRESSIVE;
				GCC_WARN_UNUSED_FUNCTION = YES;
				GCC_WARN_UNUSED_VARIABLE = YES;
				LOCALIZATION_PREFERS_STRING_CATALOGS = YES;
				MTL_ENABLE_DEBUG_INFO = INCLUDE_SOURCE;
				MTL_FAST_MATH = YES;
				ONLY_ACTIVE_ARCH = YES;
				SWIFT_ACTIVE_COMPILATION_CONDITIONS = "DEBUG $(inherited)";
				SWIFT_OPTIMIZATION_LEVEL = "-Onone";
				VERSIONING_SYSTEM = "apple-generic";
				VERSION_INFO_PREFIX = "";
			};
			name = Debug;
		};
		1C2A61042C9D7E7C009F0B00 /* Release */ = {
			isa = XCBuildConfiguration;
			buildSettings = {
				ALWAYS_SEARCH_USER_PATHS = NO;
				ASSETCATALOG_COMPILER_GENERATE_SWIFT_ASSET_SYMBOL_EXTENSIONS = YES;
				CLANG_ANALYZER_NONNULL = YES;
				CLANG_ANALYZER_NUMBER_OBJECT_CONVERSION = YES_AGGRESSIVE;
				CLANG_CXX_LANGUAGE_STANDARD = "gnu++20";
				CLANG_ENABLE_MODULES = YES;
				CLANG_ENABLE_OBJC_ARC = YES;
				CLANG_ENABLE_OBJC_WEAK = YES;
				CLANG_WARN_BLOCK_CAPTURE_AUTORELEASING = YES;
				CLANG_WARN_BOOL_CONVERSION = YES;
				CLANG_WARN_COMMA = YES;
				CLANG_WARN_CONSTANT_CONVERSION = YES;
				CLANG_WARN_DEPRECATED_OBJC_IMPLEMENTATIONS = YES;
				CLANG_WARN_DIRECT_OBJC_ISA_USAGE = YES_ERROR;
				CLANG_WARN_DOCUMENTATION_COMMENTS = YES;
				CLANG_WARN_EMPTY_BODY = YES;
				CLANG_WARN_ENUM_CONVERSION = YES;
				CLANG_WARN_INFINITE_RECURSION = YES;
				CLANG_WARN_INT_CONVERSION = YES;
				CLANG_WARN_NON_LITERAL_NULL_CONVERSION = YES;
				CLANG_WARN_OBJC_IMPLICIT_RETAIN_SELF = YES;
				CLANG_WARN_OBJC_LITERAL_CONVERSION = YES;
				CLANG_WARN_OBJC_ROOT_CLASS = YES_ERROR;
				CLANG_WARN_QUOTED_INCLUDE_IN_FRAMEWORK_HEADER = YES;
				CLANG_WARN_RANGE_LOOP_ANALYSIS = YES;
				CLANG_WARN_STRICT_PROTOTYPES = YES;
				CLANG_WARN_SUSPICIOUS_MOVE = YES;
				CLANG_WARN_UNGUARDED_AVAILABILITY = YES_AGGRESSIVE;
				CLANG_WARN_UNREACHABLE_CODE = YES;
				CLANG_WARN__DUPLICATE_METHOD_MATCH = YES;
				COPY_PHASE_STRIP = NO;
				CURRENT_PROJECT_VERSION = 1;
				DEBUG_INFORMATION_FORMAT = "dwarf-with-dsym";
				ENABLE_NS_ASSERTIONS = NO;
				ENABLE_STRICT_OBJC_MSGSEND = YES;
				ENABLE_USER_SCRIPT_SANDBOXING = YES;
				GCC_C_LANGUAGE_STANDARD = gnu17;
				GCC_NO_COMMON_BLOCKS = YES;
				GCC_WARN_64_TO_32_BIT_CONVERSION = YES;
				GCC_WARN_ABOUT_RETURN_TYPE = YES_ERROR;
				GCC_WARN_UNDECLARED_SELECTOR = YES;
				GCC_WARN_UNINITIALIZED_AUTOS = YES_AGGRESSIVE;
				GCC_WARN_UNUSED_FUNCTION = YES;
				GCC_WARN_UNUSED_VARIABLE = YES;
				LOCALIZATION_PREFERS_STRING_CATALOGS = YES;
				MTL_ENABLE_DEBUG_INFO = NO;
				MTL_FAST_MATH = YES;
				SWIFT_COMPILATION_MODE = wholemodule;
				VERSIONING_SYSTEM = "apple-generic";
				VERSION_INFO_PREFIX = "";
			};
			name = Release;
		};
		1C2A61062C9D7E7C009F0B00 /* Debug */ = {
			isa = XCBuildConfiguration;
			buildSettings = {
				ALLOW_TARGET_PLATFORM_SPECIALIZATION = YES;
				CODE_SIGN_STYLE = Automatic;
				CURRENT_PROJECT_VERSION = 1;
				DEVELOPMENT_TEAM = 6NYBPW9GN5;
				GENERATE_INFOPLIST_FILE = YES;
				IPHONEOS_DEPLOYMENT_TARGET = 18.0;
				MACOSX_DEPLOYMENT_TARGET = 15.0;
				MARKETING_VERSION = 1.0;
				PRODUCT_BUNDLE_IDENTIFIER = "com.korobka.FiscalSerializationLib-v2Tests";
				PRODUCT_NAME = "$(TARGET_NAME)";
				SDKROOT = auto;
				SUPPORTED_PLATFORMS = "iphoneos iphonesimulator macosx xros xrsimulator";
				SWIFT_EMIT_LOC_STRINGS = NO;
				SWIFT_VERSION = 5.0;
				TARGETED_DEVICE_FAMILY = "1,2,7";
				XROS_DEPLOYMENT_TARGET = 2.0;
			};
			name = Debug;
		};
		1C2A61072C9D7E7C009F0B00 /* Release */ = {
			isa = XCBuildConfiguration;
			buildSettings = {
				ALLOW_TARGET_PLATFORM_SPECIALIZATION = YES;
				CODE_SIGN_STYLE = Automatic;
				CURRENT_PROJECT_VERSION = 1;
				DEVELOPMENT_TEAM = 6NYBPW9GN5;
				GENERATE_INFOPLIST_FILE = YES;
				IPHONEOS_DEPLOYMENT_TARGET = 18.0;
				MACOSX_DEPLOYMENT_TARGET = 15.0;
				MARKETING_VERSION = 1.0;
				PRODUCT_BUNDLE_IDENTIFIER = "com.korobka.FiscalSerializationLib-v2Tests";
				PRODUCT_NAME = "$(TARGET_NAME)";
				SDKROOT = auto;
				SUPPORTED_PLATFORMS = "iphoneos iphonesimulator macosx xros xrsimulator";
				SWIFT_EMIT_LOC_STRINGS = NO;
				SWIFT_VERSION = 5.0;
				TARGETED_DEVICE_FAMILY = "1,2,7";
				XROS_DEPLOYMENT_TARGET = 2.0;
			};
			name = Release;
		};
/* End XCBuildConfiguration section */

/* Begin XCConfigurationList section */
		1C2A60E72C9D7E7C009F0B00 /* Build configuration list for PBXProject "FiscalSerializationLib_v2" */ = {
			isa = XCConfigurationList;
			buildConfigurations = (
				1C2A61032C9D7E7C009F0B00 /* Debug */,
				1C2A61042C9D7E7C009F0B00 /* Release */,
			);
			defaultConfigurationIsVisible = 0;
			defaultConfigurationName = Release;
		};
		1C2A61002C9D7E7C009F0B00 /* Build configuration list for PBXNativeTarget "FiscalSerializationLib_v2" */ = {
			isa = XCConfigurationList;
			buildConfigurations = (
				1C2A61012C9D7E7C009F0B00 /* Debug */,
				1C2A61022C9D7E7C009F0B00 /* Release */,
			);
			defaultConfigurationIsVisible = 0;
			defaultConfigurationName = Release;
		};
		1C2A61052C9D7E7C009F0B00 /* Build configuration list for PBXNativeTarget "FiscalSerializationLib_v2Tests" */ = {
			isa = XCConfigurationList;
			buildConfigurations = (
				1C2A61062C9D7E7C009F0B00 /* Debug */,
				1C2A61072C9D7E7C009F0B00 /* Release */,
			);
			defaultConfigurationIsVisible = 0;
			defaultConfigurationName = Release;
		};
/* End XCConfigurationList section */

/* Begin XCRemoteSwiftPackageReference section */
		1CD4262A2C9D9D09001DEEEA /* XCRemoteSwiftPackageReference "swift-protobuf" */ = {
			isa = XCRemoteSwiftPackageReference;
			repositoryURL = "https://github.com/apple/swift-protobuf.git";
			requirement = {
				kind = upToNextMajorVersion;
				minimumVersion = 1.28.1;
			};
		};
/* End XCRemoteSwiftPackageReference section */

/* Begin XCSwiftPackageProductDependency section */
		1CD4262B2C9D9D09001DEEEA /* SwiftProtobuf */ = {
			isa = XCSwiftPackageProductDependency;
			package = 1CD4262A2C9D9D09001DEEEA /* XCRemoteSwiftPackageReference "swift-protobuf" */;
			productName = SwiftProtobuf;
		};
/* End XCSwiftPackageProductDependency section */
	};
	rootObject = 1C2A60E42C9D7E7C009F0B00 /* Project object */;
}
